// !$*UTF8*$!
{
	archiveVersion = 1;
	classes = {
	};
	objectVersion = 46;
	objects = {

/* Begin PBXBuildFile section */
		E424A5691B9716EC00AA137D /* OpenGL.framework in Frameworks */ = {isa = PBXBuildFile; fileRef = E424A5681B9716EC00AA137D /* OpenGL.framework */; };
		E424A56B1B9716FD00AA137D /* GLUT.framework in Frameworks */ = {isa = PBXBuildFile; fileRef = E424A56A1B9716FD00AA137D /* GLUT.framework */; };
		E4FFC40E1B9714E900413B35 /* main.cpp in Sources */ = {isa = PBXBuildFile; fileRef = E4FFC40D1B9714E900413B35 /* main.cpp */; };
/* End PBXBuildFile section */

/* Begin PBXCopyFilesBuildPhase section */
		E4FFC4081B9714E800413B35 /* CopyFiles */ = {
			isa = PBXCopyFilesBuildPhase;
			buildActionMask = 2147483647;
			dstPath = /usr/share/man/man1/;
			dstSubfolderSpec = 0;
			files = (
			);
			runOnlyForDeploymentPostprocessing = 1;
		};
/* End PBXCopyFilesBuildPhase section */

/* Begin PBXFileReference section */
		E424A5681B9716EC00AA137D /* OpenGL.framework */ = {isa = PBXFileReference; lastKnownFileType = wrapper.framework; name = OpenGL.framework; path = System/Library/Frameworks/OpenGL.framework; sourceTree = SDKROOT; };
		E424A56A1B9716FD00AA137D /* GLUT.framework */ = {isa = PBXFileReference; lastKnownFileType = wrapper.framework; name = GLUT.framework; path = System/Library/Frameworks/GLUT.framework; sourceTree = SDKROOT; };
		E4FFC40A1B9714E800413B35 /* exercise2.1 */ = {isa = PBXFileReference; explicitFileType = "compiled.mach-o.executable"; includeInIndex = 0; path = exercise2.1; sourceTree = BUILT_PRODUCTS_DIR; };
		E4FFC40D1B9714E900413B35 /* main.cpp */ = {isa = PBXFileReference; lastKnownFileType = sourcecode.cpp.cpp; path = main.cpp; sourceTree = "<group>"; };
/* End PBXFileReference section */

/* Begin PBXFrameworksBuildPhase section */
		E4FFC4071B9714E800413B35 /* Frameworks */ = {
			isa = PBXFrameworksBuildPhase;
			buildActionMask = 2147483647;
			files = (
				E424A56B1B9716FD00AA137D /* GLUT.framework in Frameworks */,
				E424A5691B9716EC00AA137D /* OpenGL.framework in Frameworks */,
			);
			runOnlyForDeploymentPostprocessing = 0;
		};
/* End PBXFrameworksBuildPhase section */

/* Begin PBXGroup section */
		E4FFC4011B9714E800413B35 = {
			isa = PBXGroup;
			children = (
				E424A56A1B9716FD00AA137D /* GLUT.framework */,
				E424A5681B9716EC00AA137D /* OpenGL.framework */,
				E4FFC40C1B9714E800413B35 /* exercise2.1 */,
				E4FFC40B1B9714E800413B35 /* Products */,
			);
			sourceTree = "<group>";
		};
		E4FFC40B1B9714E800413B35 /* Products */ = {
			isa = PBXGroup;
			children = (
				E4FFC40A1B9714E800413B35 /* exercise2.1 */,
			);
			name = Products;
			sourceTree = "<group>";
		};
		E4FFC40C1B9714E800413B35 /* exercise2.1 */ = {
			isa = PBXGroup;
			children = (
				E4FFC40D1B9714E900413B35 /* main.cpp */,
			);
			path = exercise2.1;
			sourceTree = "<group>";
		};
/* End PBXGroup section */

/* Begin PBXNativeTarget section */
		E4FFC4091B9714E800413B35 /* exercise2.1 */ = {
			isa = PBXNativeTarget;
			buildConfigurationList = E4FFC4111B9714E900413B35 /* Build configuration list for PBXNativeTarget "exercise2.1" */;
			buildPhases = (
				E4FFC4061B9714E800413B35 /* Sources */,
				E4FFC4071B9714E800413B35 /* Frameworks */,
				E4FFC4081B9714E800413B35 /* CopyFiles */,
			);
			buildRules = (
			);
			dependencies = (
			);
			name = exercise2.1;
			productName = exercise2.1;
			productReference = E4FFC40A1B9714E800413B35 /* exercise2.1 */;
			productType = "com.apple.product-type.tool";
		};
/* End PBXNativeTarget section */

/* Begin PBXProject section */
		E4FFC4021B9714E800413B35 /* Project object */ = {
			isa = PBXProject;
			attributes = {
				LastUpgradeCheck = 0640;
				ORGANIZATIONNAME = "Ron Gebauer";
				TargetAttributes = {
					E4FFC4091B9714E800413B35 = {
						CreatedOnToolsVersion = 6.4;
					};
				};
			};
			buildConfigurationList = E4FFC4051B9714E800413B35 /* Build configuration list for PBXProject "exercise2.1" */;
			compatibilityVersion = "Xcode 3.2";
			developmentRegion = English;
			hasScannedForEncodings = 0;
			knownRegions = (
				en,
			);
			mainGroup = E4FFC4011B9714E800413B35;
			productRefGroup = E4FFC40B1B9714E800413B35 /* Products */;
			projectDirPath = "";
			projectRoot = "";
			targets = (
				E4FFC4091B9714E800413B35 /* exercise2.1 */,
			);
		};
/* End PBXProject section */

/* Begin PBXSourcesBuildPhase section */
		E4FFC4061B9714E800413B35 /* Sources */ = {
			isa = PBXSourcesBuildPhase;
			buildActionMask = 2147483647;
			files = (
				E4FFC40E1B9714E900413B35 /* main.cpp in Sources */,
			);
			runOnlyForDeploymentPostprocessing = 0;
		};
/* End PBXSourcesBuildPhase section */

/* Begin XCBuildConfiguration section */
		E4FFC40F1B9714E900413B35 /* Debug */ = {
			isa = XCBuildConfiguration;
			buildSettings = {
				ALWAYS_SEARCH_USER_PATHS = NO;
				CLANG_CXX_LANGUAGE_STANDARD = "gnu++0x";
				CLANG_CXX_LIBRARY = "libc++";
				CLANG_ENABLE_MODULES = YES;
				CLANG_ENABLE_OBJC_ARC = YES;
				CLANG_WARN_BOOL_CONVERSION = YES;
				CLANG_WARN_CONSTANT_CONVERSION = YES;
				CLANG_WARN_DIRECT_OBJC_ISA_USAGE = YES_ERROR;
				CLANG_WARN_EMPTY_BODY = YES;
				CLANG_WARN_ENUM_CONVERSION = YES;
				CLANG_WARN_INT_CONVERSION = YES;
				CLANG_WARN_OBJC_ROOT_CLASS = YES_ERROR;
				CLANG_WARN_UNREACHABLE_CODE = YES;
				CLANG_WARN__DUPLICATE_METHOD_MATCH = YES;
				COPY_PHASE_STRIP = NO;
				DEBUG_INFORMATION_FORMAT = dwarf;
				ENABLE_STRICT_OBJC_MSGSEND = YES;
				GCC_C_LANGUAGE_STANDARD = gnu99;
				GCC_DYNAMIC_NO_PIC = NO;
				GCC_NO_COMMON_BLOCKS = YES;
				GCC_OPTIMIZATION_LEVEL = 0;
				GCC_PREPROCESSOR_DEFINITIONS = (
					"DEBUG=1",
					"$(inherited)",
				);
				GCC_SYMBOLS_PRIVATE_EXTERN = NO;
				GCC_WARN_64_TO_32_BIT_CONVERSION = YES;
				GCC_WARN_ABOUT_RETURN_TYPE = YES_ERROR;
				GCC_WARN_UNDECLARED_SELECTOR = YES;
				GCC_WARN_UNINITIALIZED_AUTOS = YES_AGGRESSIVE;
				GCC_WARN_UNUSED_FUNCTION = YES;
				GCC_WARN_UNUSED_VARIABLE = YES;
				MACOSX_DEPLOYMENT_TARGET = 10.10;
				MTL_ENABLE_DEBUG_INFO = YES;
				ONLY_ACTIVE_ARCH = YES;
				SDKROOT = macosx;
			};
			name = Debug;
		};
		E4FFC4101B9714E900413B35 /* Release */ = {
			isa = XCBuildConfiguration;
			buildSettings = {
				ALWAYS_SEARCH_USER_PATHS = NO;
				CLANG_CXX_LANGUAGE_STANDARD = "gnu++0x";
				CLANG_CXX_LIBRARY = "libc++";
				CLANG_ENABLE_MODULES = YES;
				CLANG_ENABLE_OBJC_ARC = YES;
				CLANG_WARN_BOOL_CONVERSION = YES;
				CLANG_WARN_CONSTANT_CONVERSION = YES;
				CLANG_WARN_DIRECT_OBJC_ISA_USAGE = YES_ERROR;
				CLANG_WARN_EMPTY_BODY = YES;
				CLANG_WARN_ENUM_CONVERSION = YES;
				CLANG_WARN_INT_CONVERSION = YES;
				CLANG_WARN_OBJC_ROOT_CLASS = YES_ERROR;
				CLANG_WARN_UNREACHABLE_CODE = YES;
				CLANG_WARN__DUPLICATE_METHOD_MATCH = YES;
				COPY_PHASE_STRIP = NO;
				DEBUG_INFORMATION_FORMAT = "dwarf-with-dsym";
				ENABLE_NS_ASSERTIONS = NO;
				ENABLE_STRICT_OBJC_MSGSEND = YES;
				GCC_C_LANGUAGE_STANDARD = gnu99;
				GCC_NO_COMMON_BLOCKS = YES;
				GCC_WARN_64_TO_32_BIT_CONVERSION = YES;
				GCC_WARN_ABOUT_RETURN_TYPE = YES_ERROR;
				GCC_WARN_UNDECLARED_SELECTOR = YES;
				GCC_WARN_UNINITIALIZED_AUTOS = YES_AGGRESSIVE;
				GCC_WARN_UNUSED_FUNCTION = YES;
				GCC_WARN_UNUSED_VARIABLE = YES;
				MACOSX_DEPLOYMENT_TARGET = 10.10;
				MTL_ENABLE_DEBUG_INFO = NO;
				SDKROOT = macosx;
			};
			name = Release;
		};
		E4FFC4121B9714E900413B35 /* Debug */ = {
			isa = XCBuildConfiguration;
			buildSettings = {
				PRODUCT_NAME = "$(TARGET_NAME)";
			};
			name = Debug;
		};
		E4FFC4131B9714E900413B35 /* Release */ = {
			isa = XCBuildConfiguration;
			buildSettings = {
				PRODUCT_NAME = "$(TARGET_NAME)";
			};
			name = Release;
		};
/* End XCBuildConfiguration section */

/* Begin XCConfigurationList section */
		E4FFC4051B9714E800413B35 /* Build configuration list for PBXProject "exercise2.1" */ = {
			isa = XCConfigurationList;
			buildConfigurations = (
				E4FFC40F1B9714E900413B35 /* Debug */,
				E4FFC4101B9714E900413B35 /* Release */,
			);
			defaultConfigurationIsVisible = 0;
			defaultConfigurationName = Release;
		};
		E4FFC4111B9714E900413B35 /* Build configuration list for PBXNativeTarget "exercise2.1" */ = {
			isa = XCConfigurationList;
			buildConfigurations = (
				E4FFC4121B9714E900413B35 /* Debug */,
				E4FFC4131B9714E900413B35 /* Release */,
			);
			defaultConfigurationIsVisible = 0;
			defaultConfigurationName = Release;
		};
/* End XCConfigurationList section */
	};
	rootObject = E4FFC4021B9714E800413B35 /* Project object */;
}
